
Microsoft Visual Studio Solution File, Format Version 12.00
# Visual Studio Version 17
VisualStudioVersion = 17.14.36616.10 d17.14
MinimumVisualStudioVersion = 10.0.40219.1
Project("{FAE04EC0-301F-11D3-BF4B-00C04F79EFBC}") = "SMS", "SMS.csproj", "{025BFE09-2737-4EB6-8386-6497FE21CB3B}"
EndProject
Global
	GlobalSection(SolutionConfigurationPlatforms) = preSolution
		Debug|Any CPU = Debug|Any CPU
		Release|Any CPU = Release|Any CPU
	EndGlobalSection
	GlobalSection(ProjectConfigurationPlatforms) = postSolution
		{025BFE09-2737-4EB6-8386-6497FE21CB3B}.Debug|Any CPU.ActiveCfg = Debug|Any CPU
		{025BFE09-2737-4EB6-8386-6497FE21CB3B}.Debug|Any CPU.Build.0 = Debug|Any CPU
		{025BFE09-2737-4EB6-8386-6497FE21CB3B}.Release|Any CPU.ActiveCfg = Release|Any CPU
		{025BFE09-2737-4EB6-8386-6497FE21CB3B}.Release|Any CPU.Build.0 = Release|Any CPU
	EndGlobalSection
	GlobalSection(SolutionProperties) = preSolution
		HideSolutionNode = FALSE
	EndGlobalSection
	GlobalSection(ExtensibilityGlobals) = postSolution
		SolutionGuid = {B1A28D7A-B8DC-4ED1-8A65-098E101A47D0}
	EndGlobalSection
EndGlobal
